
Microsoft Visual Studio Solution File, Format Version 12.00
# Visual Studio Version 16
VisualStudioVersion = 16.0.31005.135
MinimumVisualStudioVersion = 10.0.40219.1
Project("{FAE04EC0-301F-11D3-BF4B-00C04F79EFBC}") = "DZ-8-2", "DZ-8-2\DZ-8-2.csproj", "{762230E4-AF5B-4360-943D-2B88BDC233C6}"
EndProject
Global
	GlobalSection(SolutionConfigurationPlatforms) = preSolution
		Debug|Any CPU = Debug|Any CPU
		Release|Any CPU = Release|Any CPU
	EndGlobalSection
	GlobalSection(ProjectConfigurationPlatforms) = postSolution
		{762230E4-AF5B-4360-943D-2B88BDC233C6}.Debug|Any CPU.ActiveCfg = Debug|Any CPU
		{762230E4-AF5B-4360-943D-2B88BDC233C6}.Debug|Any CPU.Build.0 = Debug|Any CPU
		{762230E4-AF5B-4360-943D-2B88BDC233C6}.Release|Any CPU.ActiveCfg = Release|Any CPU
		{762230E4-AF5B-4360-943D-2B88BDC233C6}.Release|Any CPU.Build.0 = Release|Any CPU
	EndGlobalSection
	GlobalSection(SolutionProperties) = preSolution
		HideSolutionNode = FALSE
	EndGlobalSection
	GlobalSection(ExtensibilityGlobals) = postSolution
		SolutionGuid = {0B18AE47-D549-4722-9BF9-5958F4E965F0}
	EndGlobalSection
EndGlobal
